// !$*UTF8*$!
{
	archiveVersion = 1;
	classes = {
	};
	objectVersion = 77;
	objects = {

/* Begin PBXContainerItemProxy section */
		372D6F672D40434E00E71EF6 /* PBXContainerItemProxy */ = {
			isa = PBXContainerItemProxy;
			containerPortal = 372D6F4E2D40434D00E71EF6 /* Project object */;
			proxyType = 1;
			remoteGlobalIDString = 372D6F552D40434D00E71EF6;
			remoteInfo = Survey;
		};
		372D6F712D40434E00E71EF6 /* PBXContainerItemProxy */ = {
			isa = PBXContainerItemProxy;
			containerPortal = 372D6F4E2D40434D00E71EF6 /* Project object */;
			proxyType = 1;
			remoteGlobalIDString = 372D6F552D40434D00E71EF6;
			remoteInfo = Survey;
		};
/* End PBXContainerItemProxy section */

/* Begin PBXFileReference section */
		372D6F562D40434D00E71EF6 /* SurveyTool.app */ = {isa = PBXFileReference; explicitFileType = wrapper.application; includeInIndex = 0; path = SurveyTool.app; sourceTree = BUILT_PRODUCTS_DIR; };
		372D6F662D40434E00E71EF6 /* SurveyToolTests.xctest */ = {isa = PBXFileReference; explicitFileType = wrapper.cfbundle; includeInIndex = 0; path = SurveyToolTests.xctest; sourceTree = BUILT_PRODUCTS_DIR; };
		372D6F702D40434E00E71EF6 /* SurveyToolUITests.xctest */ = {isa = PBXFileReference; explicitFileType = wrapper.cfbundle; includeInIndex = 0; path = SurveyToolUITests.xctest; sourceTree = BUILT_PRODUCTS_DIR; };
/* End PBXFileReference section */

/* Begin PBXFileSystemSynchronizedRootGroup section */
		372D6F582D40434D00E71EF6 /* SurveyTool */ = {
			isa = PBXFileSystemSynchronizedRootGroup;
			path = SurveyTool;
			sourceTree = "<group>";
		};
		372D6F692D40434E00E71EF6 /* SurveyToolTests */ = {
			isa = PBXFileSystemSynchronizedRootGroup;
			path = SurveyToolTests;
			sourceTree = "<group>";
		};
		372D6F732D40434E00E71EF6 /* SurveyToolUITests */ = {
			isa = PBXFileSystemSynchronizedRootGroup;
			path = SurveyToolUITests;
			sourceTree = "<group>";
		};
/* End PBXFileSystemSynchronizedRootGroup section */

/* Begin PBXFrameworksBuildPhase section */
		372D6F532D40434D00E71EF6 /* Frameworks */ = {
			isa = PBXFrameworksBuildPhase;
			buildActionMask = 2147483647;
			files = (
			);
			runOnlyForDeploymentPostprocessing = 0;
		};
		372D6F632D40434E00E71EF6 /* Frameworks */ = {
			isa = PBXFrameworksBuildPhase;
			buildActionMask = 2147483647;
			files = (
			);
			runOnlyForDeploymentPostprocessing = 0;
		};
		372D6F6D2D40434E00E71EF6 /* Frameworks */ = {
			isa = PBXFrameworksBuildPhase;
			buildActionMask = 2147483647;
			files = (
			);
			runOnlyForDeploymentPostprocessing = 0;
		};
/* End PBXFrameworksBuildPhase section */

/* Begin PBXGroup section */
		372D6F4D2D40434D00E71EF6 = {
			isa = PBXGroup;
			children = (
				372D6F582D40434D00E71EF6 /* SurveyTool */,
				372D6F692D40434E00E71EF6 /* SurveyToolTests */,
				372D6F732D40434E00E71EF6 /* SurveyToolUITests */,
				372D6F572D40434D00E71EF6 /* Products */,
			);
			sourceTree = "<group>";
		};
		372D6F572D40434D00E71EF6 /* Products */ = {
			isa = PBXGroup;
			children = (
				372D6F562D40434D00E71EF6 /* SurveyTool.app */,
				372D6F662D40434E00E71EF6 /* SurveyToolTests.xctest */,
				372D6F702D40434E00E71EF6 /* SurveyToolUITests.xctest */,
			);
			name = Products;
			sourceTree = "<group>";
		};
/* End PBXGroup section */

/* Begin PBXNativeTarget section */
		372D6F552D40434D00E71EF6 /* SurveyTool */ = {
			isa = PBXNativeTarget;
			buildConfigurationList = 372D6F7A2D40434E00E71EF6 /* Build configuration list for PBXNativeTarget "SurveyTool" */;
			buildPhases = (
				372D6F522D40434D00E71EF6 /* Sources */,
				372D6F532D40434D00E71EF6 /* Frameworks */,
				372D6F542D40434D00E71EF6 /* Resources */,
			);
			buildRules = (
			);
			dependencies = (
			);
			fileSystemSynchronizedGroups = (
				372D6F582D40434D00E71EF6 /* SurveyTool */,
			);
			name = SurveyTool;
			packageProductDependencies = (
			);
			productName = Survey;
			productReference = 372D6F562D40434D00E71EF6 /* SurveyTool.app */;
			productType = "com.apple.product-type.application";
		};
		372D6F652D40434E00E71EF6 /* SurveyToolTests */ = {
			isa = PBXNativeTarget;
			buildConfigurationList = 372D6F7D2D40434E00E71EF6 /* Build configuration list for PBXNativeTarget "SurveyToolTests" */;
			buildPhases = (
				372D6F622D40434E00E71EF6 /* Sources */,
				372D6F632D40434E00E71EF6 /* Frameworks */,
				372D6F642D40434E00E71EF6 /* Resources */,
			);
			buildRules = (
			);
			dependencies = (
				372D6F682D40434E00E71EF6 /* PBXTargetDependency */,
			);
			fileSystemSynchronizedGroups = (
				372D6F692D40434E00E71EF6 /* SurveyToolTests */,
			);
			name = SurveyToolTests;
			packageProductDependencies = (
			);
			productName = SurveyTests;
			productReference = 372D6F662D40434E00E71EF6 /* SurveyToolTests.xctest */;
			productType = "com.apple.product-type.bundle.unit-test";
		};
		372D6F6F2D40434E00E71EF6 /* SurveyToolUITests */ = {
			isa = PBXNativeTarget;
			buildConfigurationList = 372D6F802D40434E00E71EF6 /* Build configuration list for PBXNativeTarget "SurveyToolUITests" */;
			buildPhases = (
				372D6F6C2D40434E00E71EF6 /* Sources */,
				372D6F6D2D40434E00E71EF6 /* Frameworks */,
				372D6F6E2D40434E00E71EF6 /* Resources */,
			);
			buildRules = (
			);
			dependencies = (
				372D6F722D40434E00E71EF6 /* PBXTargetDependency */,
			);
			fileSystemSynchronizedGroups = (
				372D6F732D40434E00E71EF6 /* SurveyToolUITests */,
			);
			name = SurveyToolUITests;
			packageProductDependencies = (
			);
			productName = SurveyUITests;
			productReference = 372D6F702D40434E00E71EF6 /* SurveyToolUITests.xctest */;
			productType = "com.apple.product-type.bundle.ui-testing";
		};
/* End PBXNativeTarget section */

/* Begin PBXProject section */
		372D6F4E2D40434D00E71EF6 /* Project object */ = {
			isa = PBXProject;
			attributes = {
				BuildIndependentTargetsInParallel = 1;
				LastSwiftUpdateCheck = 1620;
				LastUpgradeCheck = 1620;
				TargetAttributes = {
					372D6F552D40434D00E71EF6 = {
						CreatedOnToolsVersion = 16.2;
					};
					372D6F652D40434E00E71EF6 = {
						CreatedOnToolsVersion = 16.2;
						TestTargetID = 372D6F552D40434D00E71EF6;
					};
					372D6F6F2D40434E00E71EF6 = {
						CreatedOnToolsVersion = 16.2;
						TestTargetID = 372D6F552D40434D00E71EF6;
					};
				};
			};
			buildConfigurationList = 372D6F512D40434D00E71EF6 /* Build configuration list for PBXProject "SurveyTool" */;
			developmentRegion = en;
			hasScannedForEncodings = 0;
			knownRegions = (
				en,
				Base,
			);
			mainGroup = 372D6F4D2D40434D00E71EF6;
			minimizedProjectReferenceProxies = 1;
			preferredProjectObjectVersion = 77;
			productRefGroup = 372D6F572D40434D00E71EF6 /* Products */;
			projectDirPath = "";
			projectRoot = "";
			targets = (
				372D6F552D40434D00E71EF6 /* SurveyTool */,
				372D6F652D40434E00E71EF6 /* SurveyToolTests */,
				372D6F6F2D40434E00E71EF6 /* SurveyToolUITests */,
			);
		};
/* End PBXProject section */

/* Begin PBXResourcesBuildPhase section */
		372D6F542D40434D00E71EF6 /* Resources */ = {
			isa = PBXResourcesBuildPhase;
			buildActionMask = 2147483647;
			files = (
			);
			runOnlyForDeploymentPostprocessing = 0;
		};
		372D6F642D40434E00E71EF6 /* Resources */ = {
			isa = PBXResourcesBuildPhase;
			buildActionMask = 2147483647;
			files = (
			);
			runOnlyForDeploymentPostprocessing = 0;
		};
		372D6F6E2D40434E00E71EF6 /* Resources */ = {
			isa = PBXResourcesBuildPhase;
			buildActionMask = 2147483647;
			files = (
			);
			runOnlyForDeploymentPostprocessing = 0;
		};
/* End PBXResourcesBuildPhase section */

/* Begin PBXSourcesBuildPhase section */
		372D6F522D40434D00E71EF6 /* Sources */ = {
			isa = PBXSourcesBuildPhase;
			buildActionMask = 2147483647;
			files = (
			);
			runOnlyForDeploymentPostprocessing = 0;
		};
		372D6F622D40434E00E71EF6 /* Sources */ = {
			isa = PBXSourcesBuildPhase;
			buildActionMask = 2147483647;
			files = (
			);
			runOnlyForDeploymentPostprocessing = 0;
		};
		372D6F6C2D40434E00E71EF6 /* Sources */ = {
			isa = PBXSourcesBuildPhase;
			buildActionMask = 2147483647;
			files = (
			);
			runOnlyForDeploymentPostprocessing = 0;
		};
/* End PBXSourcesBuildPhase section */

/* Begin PBXTargetDependency section */
		372D6F682D40434E00E71EF6 /* PBXTargetDependency */ = {
			isa = PBXTargetDependency;
			target = 372D6F552D40434D00E71EF6 /* SurveyTool */;
			targetProxy = 372D6F672D40434E00E71EF6 /* PBXContainerItemProxy */;
		};
		372D6F722D40434E00E71EF6 /* PBXTargetDependency */ = {
			isa = PBXTargetDependency;
			target = 372D6F552D40434D00E71EF6 /* SurveyTool */;
			targetProxy = 372D6F712D40434E00E71EF6 /* PBXContainerItemProxy */;
		};
/* End PBXTargetDependency section */

/* Begin XCBuildConfiguration section */
		372D6F782D40434E00E71EF6 /* Debug */ = {
			isa = XCBuildConfiguration;
			buildSettings = {
				ALWAYS_SEARCH_USER_PATHS = NO;
				ASSETCATALOG_COMPILER_GENERATE_SWIFT_ASSET_SYMBOL_EXTENSIONS = YES;
				CLANG_ANALYZER_NONNULL = YES;
				CLANG_ANALYZER_NUMBER_OBJECT_CONVERSION = YES_AGGRESSIVE;
				CLANG_CXX_LANGUAGE_STANDARD = "gnu++20";
				CLANG_ENABLE_MODULES = YES;
				CLANG_ENABLE_OBJC_ARC = YES;
				CLANG_ENABLE_OBJC_WEAK = YES;
				CLANG_WARN_BLOCK_CAPTURE_AUTORELEASING = YES;
				CLANG_WARN_BOOL_CONVERSION = YES;
				CLANG_WARN_COMMA = YES;
				CLANG_WARN_CONSTANT_CONVERSION = YES;
				CLANG_WARN_DEPRECATED_OBJC_IMPLEMENTATIONS = YES;
				CLANG_WARN_DIRECT_OBJC_ISA_USAGE = YES_ERROR;
				CLANG_WARN_DOCUMENTATION_COMMENTS = YES;
				CLANG_WARN_EMPTY_BODY = YES;
				CLANG_WARN_ENUM_CONVERSION = YES;
				CLANG_WARN_INFINITE_RECURSION = YES;
				CLANG_WARN_INT_CONVERSION = YES;
				CLANG_WARN_NON_LITERAL_NULL_CONVERSION = YES;
				CLANG_WARN_OBJC_IMPLICIT_RETAIN_SELF = YES;
				CLANG_WARN_OBJC_LITERAL_CONVERSION = YES;
				CLANG_WARN_OBJC_ROOT_CLASS = YES_ERROR;
				CLANG_WARN_QUOTED_INCLUDE_IN_FRAMEWORK_HEADER = YES;
				CLANG_WARN_RANGE_LOOP_ANALYSIS = YES;
				CLANG_WARN_STRICT_PROTOTYPES = YES;
				CLANG_WARN_SUSPICIOUS_MOVE = YES;
				CLANG_WARN_UNGUARDED_AVAILABILITY = YES_AGGRESSIVE;
				CLANG_WARN_UNREACHABLE_CODE = YES;
				CLANG_WARN__DUPLICATE_METHOD_MATCH = YES;
				COPY_PHASE_STRIP = NO;
				DEBUG_INFORMATION_FORMAT = dwarf;
				ENABLE_STRICT_OBJC_MSGSEND = YES;
				ENABLE_TESTABILITY = YES;
				ENABLE_USER_SCRIPT_SANDBOXING = YES;
				GCC_C_LANGUAGE_STANDARD = gnu17;
				GCC_DYNAMIC_NO_PIC = NO;
				GCC_NO_COMMON_BLOCKS = YES;
				GCC_OPTIMIZATION_LEVEL = 0;
				GCC_PREPROCESSOR_DEFINITIONS = (
					"DEBUG=1",
					"$(inherited)",
				);
				GCC_WARN_64_TO_32_BIT_CONVERSION = YES;
				GCC_WARN_ABOUT_RETURN_TYPE = YES_ERROR;
				GCC_WARN_UNDECLARED_SELECTOR = YES;
				GCC_WARN_UNINITIALIZED_AUTOS = YES_AGGRESSIVE;
				GCC_WARN_UNUSED_FUNCTION = YES;
				GCC_WARN_UNUSED_VARIABLE = YES;
				IPHONEOS_DEPLOYMENT_TARGET = 18.2;
				LOCALIZATION_PREFERS_STRING_CATALOGS = YES;
				MTL_ENABLE_DEBUG_INFO = INCLUDE_SOURCE;
				MTL_FAST_MATH = YES;
				ONLY_ACTIVE_ARCH = YES;
				SDKROOT = iphoneos;
				SWIFT_ACTIVE_COMPILATION_CONDITIONS = "DEBUG $(inherited)";
				SWIFT_OPTIMIZATION_LEVEL = "-Onone";
			};
			name = Debug;
		};
		372D6F792D40434E00E71EF6 /* Release */ = {
			isa = XCBuildConfiguration;
			buildSettings = {
				ALWAYS_SEARCH_USER_PATHS = NO;
				ASSETCATALOG_COMPILER_GENERATE_SWIFT_ASSET_SYMBOL_EXTENSIONS = YES;
				CLANG_ANALYZER_NONNULL = YES;
				CLANG_ANALYZER_NUMBER_OBJECT_CONVERSION = YES_AGGRESSIVE;
				CLANG_CXX_LANGUAGE_STANDARD = "gnu++20";
				CLANG_ENABLE_MODULES = YES;
				CLANG_ENABLE_OBJC_ARC = YES;
				CLANG_ENABLE_OBJC_WEAK = YES;
				CLANG_WARN_BLOCK_CAPTURE_AUTORELEASING = YES;
				CLANG_WARN_BOOL_CONVERSION = YES;
				CLANG_WARN_COMMA = YES;
				CLANG_WARN_CONSTANT_CONVERSION = YES;
				CLANG_WARN_DEPRECATED_OBJC_IMPLEMENTATIONS = YES;
				CLANG_WARN_DIRECT_OBJC_ISA_USAGE = YES_ERROR;
				CLANG_WARN_DOCUMENTATION_COMMENTS = YES;
				CLANG_WARN_EMPTY_BODY = YES;
				CLANG_WARN_ENUM_CONVERSION = YES;
				CLANG_WARN_INFINITE_RECURSION = YES;
				CLANG_WARN_INT_CONVERSION = YES;
				CLANG_WARN_NON_LITERAL_NULL_CONVERSION = YES;
				CLANG_WARN_OBJC_IMPLICIT_RETAIN_SELF = YES;
				CLANG_WARN_OBJC_LITERAL_CONVERSION = YES;
				CLANG_WARN_OBJC_ROOT_CLASS = YES_ERROR;
				CLANG_WARN_QUOTED_INCLUDE_IN_FRAMEWORK_HEADER = YES;
				CLANG_WARN_RANGE_LOOP_ANALYSIS = YES;
				CLANG_WARN_STRICT_PROTOTYPES = YES;
				CLANG_WARN_SUSPICIOUS_MOVE = YES;
				CLANG_WARN_UNGUARDED_AVAILABILITY = YES_AGGRESSIVE;
				CLANG_WARN_UNREACHABLE_CODE = YES;
				CLANG_WARN__DUPLICATE_METHOD_MATCH = YES;
				COPY_PHASE_STRIP = NO;
				DEBUG_INFORMATION_FORMAT = "dwarf-with-dsym";
				ENABLE_NS_ASSERTIONS = NO;
				ENABLE_STRICT_OBJC_MSGSEND = YES;
				ENABLE_USER_SCRIPT_SANDBOXING = YES;
				GCC_C_LANGUAGE_STANDARD = gnu17;
				GCC_NO_COMMON_BLOCKS = YES;
				GCC_WARN_64_TO_32_BIT_CONVERSION = YES;
				GCC_WARN_ABOUT_RETURN_TYPE = YES_ERROR;
				GCC_WARN_UNDECLARED_SELECTOR = YES;
				GCC_WARN_UNINITIALIZED_AUTOS = YES_AGGRESSIVE;
				GCC_WARN_UNUSED_FUNCTION = YES;
				GCC_WARN_UNUSED_VARIABLE = YES;
				IPHONEOS_DEPLOYMENT_TARGET = 18.2;
				LOCALIZATION_PREFERS_STRING_CATALOGS = YES;
				MTL_ENABLE_DEBUG_INFO = NO;
				MTL_FAST_MATH = YES;
				SDKROOT = iphoneos;
				SWIFT_COMPILATION_MODE = wholemodule;
				VALIDATE_PRODUCT = YES;
			};
			name = Release;
		};
		372D6F7B2D40434E00E71EF6 /* Debug */ = {
			isa = XCBuildConfiguration;
			buildSettings = {
				ASSETCATALOG_COMPILER_APPICON_NAME = AppIcon;
				ASSETCATALOG_COMPILER_GLOBAL_ACCENT_COLOR_NAME = AccentColor;
				CODE_SIGN_STYLE = Automatic;
				CURRENT_PROJECT_VERSION = 1;
				DEVELOPMENT_ASSET_PATHS = "\"SurveyTool/Preview Content\"";
				DEVELOPMENT_TEAM = ZJ76G5ZD8G;
				ENABLE_PREVIEWS = YES;
				GENERATE_INFOPLIST_FILE = YES;
				INFOPLIST_KEY_UIApplicationSceneManifest_Generation = YES;
				INFOPLIST_KEY_UIApplicationSupportsIndirectInputEvents = YES;
				INFOPLIST_KEY_UILaunchScreen_Generation = YES;
				INFOPLIST_KEY_UISupportedInterfaceOrientations_iPad = "UIInterfaceOrientationPortrait UIInterfaceOrientationPortraitUpsideDown UIInterfaceOrientationLandscapeLeft UIInterfaceOrientationLandscapeRight";
				INFOPLIST_KEY_UISupportedInterfaceOrientations_iPhone = "UIInterfaceOrientationPortrait UIInterfaceOrientationLandscapeLeft UIInterfaceOrientationLandscapeRight";
				LD_RUNPATH_SEARCH_PATHS = (
					"$(inherited)",
					"@executable_path/Frameworks",
				);
				MARKETING_VERSION = 1.0;
				PRODUCT_BUNDLE_IDENTIFIER = thrusher.Survey;
				PRODUCT_NAME = "$(TARGET_NAME)";
				SWIFT_EMIT_LOC_STRINGS = YES;
				SWIFT_VERSION = 5.0;
				TARGETED_DEVICE_FAMILY = "1,2";
			};
			name = Debug;
		};
		372D6F7C2D40434E00E71EF6 /* Release */ = {
			isa = XCBuildConfiguration;
			buildSettings = {
				ASSETCATALOG_COMPILER_APPICON_NAME = AppIcon;
				ASSETCATALOG_COMPILER_GLOBAL_ACCENT_COLOR_NAME = AccentColor;
				CODE_SIGN_STYLE = Automatic;
				CURRENT_PROJECT_VERSION = 1;
				DEVELOPMENT_ASSET_PATHS = "\"SurveyTool/Preview Content\"";
				DEVELOPMENT_TEAM = ZJ76G5ZD8G;
				ENABLE_PREVIEWS = YES;
				GENERATE_INFOPLIST_FILE = YES;
				INFOPLIST_KEY_UIApplicationSceneManifest_Generation = YES;
				INFOPLIST_KEY_UIApplicationSupportsIndirectInputEvents = YES;
				INFOPLIST_KEY_UILaunchScreen_Generation = YES;
				INFOPLIST_KEY_UISupportedInterfaceOrientations_iPad = "UIInterfaceOrientationPortrait UIInterfaceOrientationPortraitUpsideDown UIInterfaceOrientationLandscapeLeft UIInterfaceOrientationLandscapeRight";
				INFOPLIST_KEY_UISupportedInterfaceOrientations_iPhone = "UIInterfaceOrientationPortrait UIInterfaceOrientationLandscapeLeft UIInterfaceOrientationLandscapeRight";
				LD_RUNPATH_SEARCH_PATHS = (
					"$(inherited)",
					"@executable_path/Frameworks",
				);
				MARKETING_VERSION = 1.0;
				PRODUCT_BUNDLE_IDENTIFIER = thrusher.Survey;
				PRODUCT_NAME = "$(TARGET_NAME)";
				SWIFT_EMIT_LOC_STRINGS = YES;
				SWIFT_VERSION = 5.0;
				TARGETED_DEVICE_FAMILY = "1,2";
			};
			name = Release;
		};
		372D6F7E2D40434E00E71EF6 /* Debug */ = {
			isa = XCBuildConfiguration;
			buildSettings = {
				BUNDLE_LOADER = "$(TEST_HOST)";
				CODE_SIGN_STYLE = Automatic;
				CURRENT_PROJECT_VERSION = 1;
				DEVELOPMENT_TEAM = ZJ76G5ZD8G;
				GENERATE_INFOPLIST_FILE = YES;
				IPHONEOS_DEPLOYMENT_TARGET = 18.2;
				MARKETING_VERSION = 1.0;
				PRODUCT_BUNDLE_IDENTIFIER = thrusher.SurveyTests;
				PRODUCT_NAME = "$(TARGET_NAME)";
				SWIFT_EMIT_LOC_STRINGS = NO;
				SWIFT_VERSION = 5.0;
				TARGETED_DEVICE_FAMILY = "1,2";
				TEST_HOST = "$(BUILT_PRODUCTS_DIR)/SurveyTool.app/$(BUNDLE_EXECUTABLE_FOLDER_PATH)/SurveyTool";
			};
			name = Debug;
		};
		372D6F7F2D40434E00E71EF6 /* Release */ = {
			isa = XCBuildConfiguration;
			buildSettings = {
				BUNDLE_LOADER = "$(TEST_HOST)";
				CODE_SIGN_STYLE = Automatic;
				CURRENT_PROJECT_VERSION = 1;
				DEVELOPMENT_TEAM = ZJ76G5ZD8G;
				GENERATE_INFOPLIST_FILE = YES;
				IPHONEOS_DEPLOYMENT_TARGET = 18.2;
				MARKETING_VERSION = 1.0;
				PRODUCT_BUNDLE_IDENTIFIER = thrusher.SurveyTests;
				PRODUCT_NAME = "$(TARGET_NAME)";
				SWIFT_EMIT_LOC_STRINGS = NO;
				SWIFT_VERSION = 5.0;
				TARGETED_DEVICE_FAMILY = "1,2";
				TEST_HOST = "$(BUILT_PRODUCTS_DIR)/SurveyTool.app/$(BUNDLE_EXECUTABLE_FOLDER_PATH)/SurveyTool";
			};
			name = Release;
		};
		372D6F812D40434E00E71EF6 /* Debug */ = {
			isa = XCBuildConfiguration;
			buildSettings = {
				CODE_SIGN_STYLE = Automatic;
				CURRENT_PROJECT_VERSION = 1;
				DEVELOPMENT_TEAM = ZJ76G5ZD8G;
				GENERATE_INFOPLIST_FILE = YES;
				MARKETING_VERSION = 1.0;
				PRODUCT_BUNDLE_IDENTIFIER = thrusher.SurveyUITests;
				PRODUCT_NAME = "$(TARGET_NAME)";
				SWIFT_EMIT_LOC_STRINGS = NO;
				SWIFT_VERSION = 5.0;
				TARGETED_DEVICE_FAMILY = "1,2";
				TEST_TARGET_NAME = SurveyTool;
			};
			name = Debug;
		};
		372D6F822D40434E00E71EF6 /* Release */ = {
			isa = XCBuildConfiguration;
			buildSettings = {
				CODE_SIGN_STYLE = Automatic;
				CURRENT_PROJECT_VERSION = 1;
				DEVELOPMENT_TEAM = ZJ76G5ZD8G;
				GENERATE_INFOPLIST_FILE = YES;
				MARKETING_VERSION = 1.0;
				PRODUCT_BUNDLE_IDENTIFIER = thrusher.SurveyUITests;
				PRODUCT_NAME = "$(TARGET_NAME)";
				SWIFT_EMIT_LOC_STRINGS = NO;
				SWIFT_VERSION = 5.0;
				TARGETED_DEVICE_FAMILY = "1,2";
				TEST_TARGET_NAME = SurveyTool;
			};
			name = Release;
		};
/* End XCBuildConfiguration section */

/* Begin XCConfigurationList section */
		372D6F512D40434D00E71EF6 /* Build configuration list for PBXProject "SurveyTool" */ = {
			isa = XCConfigurationList;
			buildConfigurations = (
				372D6F782D40434E00E71EF6 /* Debug */,
				372D6F792D40434E00E71EF6 /* Release */,
			);
			defaultConfigurationIsVisible = 0;
			defaultConfigurationName = Release;
		};
		372D6F7A2D40434E00E71EF6 /* Build configuration list for PBXNativeTarget "SurveyTool" */ = {
			isa = XCConfigurationList;
			buildConfigurations = (
				372D6F7B2D40434E00E71EF6 /* Debug */,
				372D6F7C2D40434E00E71EF6 /* Release */,
			);
			defaultConfigurationIsVisible = 0;
			defaultConfigurationName = Release;
		};
		372D6F7D2D40434E00E71EF6 /* Build configuration list for PBXNativeTarget "SurveyToolTests" */ = {
			isa = XCConfigurationList;
			buildConfigurations = (
				372D6F7E2D40434E00E71EF6 /* Debug */,
				372D6F7F2D40434E00E71EF6 /* Release */,
			);
			defaultConfigurationIsVisible = 0;
			defaultConfigurationName = Release;
		};
		372D6F802D40434E00E71EF6 /* Build configuration list for PBXNativeTarget "SurveyToolUITests" */ = {
			isa = XCConfigurationList;
			buildConfigurations = (
				372D6F812D40434E00E71EF6 /* Debug */,
				372D6F822D40434E00E71EF6 /* Release */,
			);
			defaultConfigurationIsVisible = 0;
			defaultConfigurationName = Release;
		};
/* End XCConfigurationList section */
	};
	rootObject = 372D6F4E2D40434D00E71EF6 /* Project object */;
}
